// !$*UTF8*$!
{
	archiveVersion = 1;
	classes = {
	};
	objectVersion = 51;
	objects = {

/* Begin PBXBuildFile section */
		9883C51327AE7A5E00C785F3 /* AppDelegate.swift in Sources */ = {isa = PBXBuildFile; fileRef = 9883C51227AE7A5E00C785F3 /* AppDelegate.swift */; };
		9883C51527AE7A5E00C785F3 /* SceneDelegate.swift in Sources */ = {isa = PBXBuildFile; fileRef = 9883C51427AE7A5E00C785F3 /* SceneDelegate.swift */; };
		9883C51727AE7A5E00C785F3 /* ViewController.swift in Sources */ = {isa = PBXBuildFile; fileRef = 9883C51627AE7A5E00C785F3 /* ViewController.swift */; };
		9883C51A27AE7A5F00C785F3 /* Main.storyboard in Resources */ = {isa = PBXBuildFile; fileRef = 9883C51827AE7A5F00C785F3 /* Main.storyboard */; };
		9883C51C27AE7A6400C785F3 /* Assets.xcassets in Resources */ = {isa = PBXBuildFile; fileRef = 9883C51B27AE7A6400C785F3 /* Assets.xcassets */; };
		9883C51F27AE7A6400C785F3 /* LaunchScreen.storyboard in Resources */ = {isa = PBXBuildFile; fileRef = 9883C51D27AE7A6400C785F3 /* LaunchScreen.storyboard */; };
		9883C52727AE7E9300C785F3 /* SampleViewController.swift in Sources */ = {isa = PBXBuildFile; fileRef = 9883C52627AE7E9300C785F3 /* SampleViewController.swift */; };
		9883C52927AE802A00C785F3 /* ScoreViewController.swift in Sources */ = {isa = PBXBuildFile; fileRef = 9883C52827AE802A00C785F3 /* ScoreViewController.swift */; };
		9883C52B27AE93D400C785F3 /* quiz1.csv in Resources */ = {isa = PBXBuildFile; fileRef = 9883C52A27AE93D400C785F3 /* quiz1.csv */; };
		9883C52F27AEB44000C785F3 /* correct.png in Resources */ = {isa = PBXBuildFile; fileRef = 9883C52D27AEB44000C785F3 /* correct.png */; };
		9883C53027AEB44000C785F3 /* incorrect.png in Resources */ = {isa = PBXBuildFile; fileRef = 9883C52E27AEB44000C785F3 /* incorrect.png */; };
		9883C53427AED5CA00C785F3 /* SelectLevelViewController.swift in Sources */ = {isa = PBXBuildFile; fileRef = 9883C53327AED5CA00C785F3 /* SelectLevelViewController.swift */; };
		9883C53627AF475D00C785F3 /* quiz2.csv in Resources */ = {isa = PBXBuildFile; fileRef = 9883C53527AF475D00C785F3 /* quiz2.csv */; };
		9883C53827AF485A00C785F3 /* quiz3.csv in Resources */ = {isa = PBXBuildFile; fileRef = 9883C53727AF485A00C785F3 /* quiz3.csv */; };
		9883C53B27AFC86900C785F3 /* launchImageView.png in Resources */ = {isa = PBXBuildFile; fileRef = 9883C53A27AFC86800C785F3 /* launchImageView.png */; };
		E73AA01C064A9F9C097E4206 /* Pods_sample.framework in Frameworks */ = {isa = PBXBuildFile; fileRef = 2EF5152F30DD86B5766B13C5 /* Pods_sample.framework */; };
/* End PBXBuildFile section */

/* Begin PBXFileReference section */
		2EF5152F30DD86B5766B13C5 /* Pods_sample.framework */ = {isa = PBXFileReference; explicitFileType = wrapper.framework; includeInIndex = 0; path = Pods_sample.framework; sourceTree = BUILT_PRODUCTS_DIR; };
		39AE4E05463C7818EC08EE90 /* Pods-sample.debug.xcconfig */ = {isa = PBXFileReference; includeInIndex = 1; lastKnownFileType = text.xcconfig; name = "Pods-sample.debug.xcconfig"; path = "Target Support Files/Pods-sample/Pods-sample.debug.xcconfig"; sourceTree = "<group>"; };
		9883C50F27AE7A5E00C785F3 /* sample.app */ = {isa = PBXFileReference; explicitFileType = wrapper.application; includeInIndex = 0; path = sample.app; sourceTree = BUILT_PRODUCTS_DIR; };
		9883C51227AE7A5E00C785F3 /* AppDelegate.swift */ = {isa = PBXFileReference; lastKnownFileType = sourcecode.swift; path = AppDelegate.swift; sourceTree = "<group>"; };
		9883C51427AE7A5E00C785F3 /* SceneDelegate.swift */ = {isa = PBXFileReference; lastKnownFileType = sourcecode.swift; path = SceneDelegate.swift; sourceTree = "<group>"; };
		9883C51627AE7A5E00C785F3 /* ViewController.swift */ = {isa = PBXFileReference; lastKnownFileType = sourcecode.swift; path = ViewController.swift; sourceTree = "<group>"; };
		9883C51927AE7A5F00C785F3 /* Base */ = {isa = PBXFileReference; lastKnownFileType = file.storyboard; name = Base; path = Base.lproj/Main.storyboard; sourceTree = "<group>"; };
		9883C51B27AE7A6400C785F3 /* Assets.xcassets */ = {isa = PBXFileReference; lastKnownFileType = folder.assetcatalog; path = Assets.xcassets; sourceTree = "<group>"; };
		9883C51E27AE7A6400C785F3 /* Base */ = {isa = PBXFileReference; lastKnownFileType = file.storyboard; name = Base; path = Base.lproj/LaunchScreen.storyboard; sourceTree = "<group>"; };
		9883C52027AE7A6400C785F3 /* Info.plist */ = {isa = PBXFileReference; lastKnownFileType = text.plist.xml; path = Info.plist; sourceTree = "<group>"; };
		9883C52627AE7E9300C785F3 /* SampleViewController.swift */ = {isa = PBXFileReference; lastKnownFileType = sourcecode.swift; path = SampleViewController.swift; sourceTree = "<group>"; };
		9883C52827AE802A00C785F3 /* ScoreViewController.swift */ = {isa = PBXFileReference; lastKnownFileType = sourcecode.swift; path = ScoreViewController.swift; sourceTree = "<group>"; };
		9883C52A27AE93D400C785F3 /* quiz1.csv */ = {isa = PBXFileReference; lastKnownFileType = text; path = quiz1.csv; sourceTree = "<group>"; };
		9883C52D27AEB44000C785F3 /* correct.png */ = {isa = PBXFileReference; lastKnownFileType = image.png; path = correct.png; sourceTree = "<group>"; };
		9883C52E27AEB44000C785F3 /* incorrect.png */ = {isa = PBXFileReference; lastKnownFileType = image.png; path = incorrect.png; sourceTree = "<group>"; };
		9883C53327AED5CA00C785F3 /* SelectLevelViewController.swift */ = {isa = PBXFileReference; lastKnownFileType = sourcecode.swift; path = SelectLevelViewController.swift; sourceTree = "<group>"; };
		9883C53527AF475D00C785F3 /* quiz2.csv */ = {isa = PBXFileReference; lastKnownFileType = text; path = quiz2.csv; sourceTree = "<group>"; };
		9883C53727AF485A00C785F3 /* quiz3.csv */ = {isa = PBXFileReference; lastKnownFileType = text; path = quiz3.csv; sourceTree = "<group>"; };
		9883C53A27AFC86800C785F3 /* launchImageView.png */ = {isa = PBXFileReference; lastKnownFileType = image.png; path = launchImageView.png; sourceTree = "<group>"; };
		E9BA97AD2C87425FC30A7AF9 /* Pods-sample.release.xcconfig */ = {isa = PBXFileReference; includeInIndex = 1; lastKnownFileType = text.xcconfig; name = "Pods-sample.release.xcconfig"; path = "Target Support Files/Pods-sample/Pods-sample.release.xcconfig"; sourceTree = "<group>"; };
/* End PBXFileReference section */

/* Begin PBXFrameworksBuildPhase section */
		9883C50C27AE7A5E00C785F3 /* Frameworks */ = {
			isa = PBXFrameworksBuildPhase;
			buildActionMask = 2147483647;
			files = (
				E73AA01C064A9F9C097E4206 /* Pods_sample.framework in Frameworks */,
			);
			runOnlyForDeploymentPostprocessing = 0;
		};
/* End PBXFrameworksBuildPhase section */

/* Begin PBXGroup section */
		454E2C7C5B69D2CB23DF72F5 /* Frameworks */ = {
			isa = PBXGroup;
			children = (
				2EF5152F30DD86B5766B13C5 /* Pods_sample.framework */,
			);
			name = Frameworks;
			sourceTree = "<group>";
		};
		8ED42887250E5FA9AB43422C /* Pods */ = {
			isa = PBXGroup;
			children = (
				39AE4E05463C7818EC08EE90 /* Pods-sample.debug.xcconfig */,
				E9BA97AD2C87425FC30A7AF9 /* Pods-sample.release.xcconfig */,
			);
			path = Pods;
			sourceTree = "<group>";
		};
		9883C50627AE7A5E00C785F3 = {
			isa = PBXGroup;
			children = (
				9883C51127AE7A5E00C785F3 /* sample */,
				9883C51027AE7A5E00C785F3 /* Products */,
				8ED42887250E5FA9AB43422C /* Pods */,
				454E2C7C5B69D2CB23DF72F5 /* Frameworks */,
			);
			sourceTree = "<group>";
		};
		9883C51027AE7A5E00C785F3 /* Products */ = {
			isa = PBXGroup;
			children = (
				9883C50F27AE7A5E00C785F3 /* sample.app */,
			);
			name = Products;
			sourceTree = "<group>";
		};
		9883C51127AE7A5E00C785F3 /* sample */ = {
			isa = PBXGroup;
			children = (
				9883C53927AFC86800C785F3 /* launchImage */,
				9883C52C27AEB44000C785F3 /* image */,
				9883C51227AE7A5E00C785F3 /* AppDelegate.swift */,
				9883C51427AE7A5E00C785F3 /* SceneDelegate.swift */,
				9883C51627AE7A5E00C785F3 /* ViewController.swift */,
				9883C51827AE7A5F00C785F3 /* Main.storyboard */,
				9883C53327AED5CA00C785F3 /* SelectLevelViewController.swift */,
				9883C52827AE802A00C785F3 /* ScoreViewController.swift */,
				9883C52627AE7E9300C785F3 /* SampleViewController.swift */,
				9883C53527AF475D00C785F3 /* quiz2.csv */,
				9883C53727AF485A00C785F3 /* quiz3.csv */,
				9883C52A27AE93D400C785F3 /* quiz1.csv */,
				9883C51B27AE7A6400C785F3 /* Assets.xcassets */,
				9883C51D27AE7A6400C785F3 /* LaunchScreen.storyboard */,
				9883C52027AE7A6400C785F3 /* Info.plist */,
			);
			path = sample;
			sourceTree = "<group>";
		};
		9883C52C27AEB44000C785F3 /* image */ = {
			isa = PBXGroup;
			children = (
				9883C52D27AEB44000C785F3 /* correct.png */,
				9883C52E27AEB44000C785F3 /* incorrect.png */,
			);
			path = image;
			sourceTree = "<group>";
		};
		9883C53927AFC86800C785F3 /* launchImage */ = {
			isa = PBXGroup;
			children = (
				9883C53A27AFC86800C785F3 /* launchImageView.png */,
			);
			path = launchImage;
			sourceTree = "<group>";
		};
/* End PBXGroup section */

/* Begin PBXNativeTarget section */
		9883C50E27AE7A5E00C785F3 /* sample */ = {
			isa = PBXNativeTarget;
			buildConfigurationList = 9883C52327AE7A6400C785F3 /* Build configuration list for PBXNativeTarget "sample" */;
			buildPhases = (
				8200BF2BE42667EBFF6D6DA3 /* [CP] Check Pods Manifest.lock */,
				9883C50B27AE7A5E00C785F3 /* Sources */,
				9883C50C27AE7A5E00C785F3 /* Frameworks */,
				9883C50D27AE7A5E00C785F3 /* Resources */,
				F0F9D5163E47CDC084CB21F6 /* [CP] Embed Pods Frameworks */,
			);
			buildRules = (
			);
			dependencies = (
			);
			name = sample;
			productName = sample;
			productReference = 9883C50F27AE7A5E00C785F3 /* sample.app */;
			productType = "com.apple.product-type.application";
		};
/* End PBXNativeTarget section */

/* Begin PBXProject section */
		9883C50727AE7A5E00C785F3 /* Project object */ = {
			isa = PBXProject;
			attributes = {
				LastSwiftUpdateCheck = 1250;
				LastUpgradeCheck = 1250;
				TargetAttributes = {
					9883C50E27AE7A5E00C785F3 = {
						CreatedOnToolsVersion = 12.5.1;
					};
				};
			};
			buildConfigurationList = 9883C50A27AE7A5E00C785F3 /* Build configuration list for PBXProject "sample" */;
			compatibilityVersion = "Xcode 9.3";
			developmentRegion = en;
			hasScannedForEncodings = 0;
			knownRegions = (
				en,
				Base,
			);
			mainGroup = 9883C50627AE7A5E00C785F3;
			productRefGroup = 9883C51027AE7A5E00C785F3 /* Products */;
			projectDirPath = "";
			projectRoot = "";
			targets = (
				9883C50E27AE7A5E00C785F3 /* sample */,
			);
		};
/* End PBXProject section */

/* Begin PBXResourcesBuildPhase section */
		9883C50D27AE7A5E00C785F3 /* Resources */ = {
			isa = PBXResourcesBuildPhase;
			buildActionMask = 2147483647;
			files = (
				9883C53B27AFC86900C785F3 /* launchImageView.png in Resources */,
				9883C53627AF475D00C785F3 /* quiz2.csv in Resources */,
				9883C52F27AEB44000C785F3 /* correct.png in Resources */,
				9883C53027AEB44000C785F3 /* incorrect.png in Resources */,
				9883C51F27AE7A6400C785F3 /* LaunchScreen.storyboard in Resources */,
				9883C51C27AE7A6400C785F3 /* Assets.xcassets in Resources */,
				9883C51A27AE7A5F00C785F3 /* Main.storyboard in Resources */,
				9883C52B27AE93D400C785F3 /* quiz1.csv in Resources */,
				9883C53827AF485A00C785F3 /* quiz3.csv in Resources */,
			);
			runOnlyForDeploymentPostprocessing = 0;
		};
/* End PBXResourcesBuildPhase section */

/* Begin PBXShellScriptBuildPhase section */
		8200BF2BE42667EBFF6D6DA3 /* [CP] Check Pods Manifest.lock */ = {
			isa = PBXShellScriptBuildPhase;
			buildActionMask = 2147483647;
			files = (
			);
			inputFileListPaths = (
			);
			inputPaths = (
				"${PODS_PODFILE_DIR_PATH}/Podfile.lock",
				"${PODS_ROOT}/Manifest.lock",
			);
			name = "[CP] Check Pods Manifest.lock";
			outputFileListPaths = (
			);
			outputPaths = (
				"$(DERIVED_FILE_DIR)/Pods-sample-checkManifestLockResult.txt",
			);
			runOnlyForDeploymentPostprocessing = 0;
			shellPath = /bin/sh;
			shellScript = "diff \"${PODS_PODFILE_DIR_PATH}/Podfile.lock\" \"${PODS_ROOT}/Manifest.lock\" > /dev/null\nif [ $? != 0 ] ; then\n    # print error to STDERR\n    echo \"error: The sandbox is not in sync with the Podfile.lock. Run 'pod install' or update your CocoaPods installation.\" >&2\n    exit 1\nfi\n# This output is used by Xcode 'outputs' to avoid re-running this script phase.\necho \"SUCCESS\" > \"${SCRIPT_OUTPUT_FILE_0}\"\n";
			showEnvVarsInLog = 0;
		};
		F0F9D5163E47CDC084CB21F6 /* [CP] Embed Pods Frameworks */ = {
			isa = PBXShellScriptBuildPhase;
			buildActionMask = 2147483647;
			files = (
			);
			inputFileListPaths = (
				"${PODS_ROOT}/Target Support Files/Pods-sample/Pods-sample-frameworks-${CONFIGURATION}-input-files.xcfilelist",
			);
			name = "[CP] Embed Pods Frameworks";
			outputFileListPaths = (
				"${PODS_ROOT}/Target Support Files/Pods-sample/Pods-sample-frameworks-${CONFIGURATION}-output-files.xcfilelist",
			);
			runOnlyForDeploymentPostprocessing = 0;
			shellPath = /bin/sh;
			shellScript = "\"${PODS_ROOT}/Target Support Files/Pods-sample/Pods-sample-frameworks.sh\"\n";
			showEnvVarsInLog = 0;
		};
/* End PBXShellScriptBuildPhase section */

/* Begin PBXSourcesBuildPhase section */
		9883C50B27AE7A5E00C785F3 /* Sources */ = {
			isa = PBXSourcesBuildPhase;
			buildActionMask = 2147483647;
			files = (
				9883C51727AE7A5E00C785F3 /* ViewController.swift in Sources */,
				9883C51327AE7A5E00C785F3 /* AppDelegate.swift in Sources */,
				9883C52927AE802A00C785F3 /* ScoreViewController.swift in Sources */,
				9883C52727AE7E9300C785F3 /* SampleViewController.swift in Sources */,
				9883C51527AE7A5E00C785F3 /* SceneDelegate.swift in Sources */,
				9883C53427AED5CA00C785F3 /* SelectLevelViewController.swift in Sources */,
			);
			runOnlyForDeploymentPostprocessing = 0;
		};
/* End PBXSourcesBuildPhase section */

/* Begin PBXVariantGroup section */
		9883C51827AE7A5F00C785F3 /* Main.storyboard */ = {
			isa = PBXVariantGroup;
			children = (
				9883C51927AE7A5F00C785F3 /* Base */,
			);
			name = Main.storyboard;
			sourceTree = "<group>";
		};
		9883C51D27AE7A6400C785F3 /* LaunchScreen.storyboard */ = {
			isa = PBXVariantGroup;
			children = (
				9883C51E27AE7A6400C785F3 /* Base */,
			);
			name = LaunchScreen.storyboard;
			sourceTree = "<group>";
		};
/* End PBXVariantGroup section */

/* Begin XCBuildConfiguration section */
		9883C52127AE7A6400C785F3 /* Debug */ = {
			isa = XCBuildConfiguration;
			buildSettings = {
				ALWAYS_SEARCH_USER_PATHS = NO;
				CLANG_ANALYZER_NONNULL = YES;
				CLANG_ANALYZER_NUMBER_OBJECT_CONVERSION = YES_AGGRESSIVE;
				CLANG_CXX_LANGUAGE_STANDARD = "gnu++14";
				CLANG_CXX_LIBRARY = "libc++";
				CLANG_ENABLE_MODULES = YES;
				CLANG_ENABLE_OBJC_ARC = YES;
				CLANG_ENABLE_OBJC_WEAK = YES;
				CLANG_WARN_BLOCK_CAPTURE_AUTORELEASING = YES;
				CLANG_WARN_BOOL_CONVERSION = YES;
				CLANG_WARN_COMMA = YES;
				CLANG_WARN_CONSTANT_CONVERSION = YES;
				CLANG_WARN_DEPRECATED_OBJC_IMPLEMENTATIONS = YES;
				CLANG_WARN_DIRECT_OBJC_ISA_USAGE = YES_ERROR;
				CLANG_WARN_DOCUMENTATION_COMMENTS = YES;
				CLANG_WARN_EMPTY_BODY = YES;
				CLANG_WARN_ENUM_CONVERSION = YES;
				CLANG_WARN_INFINITE_RECURSION = YES;
				CLANG_WARN_INT_CONVERSION = YES;
				CLANG_WARN_NON_LITERAL_NULL_CONVERSION = YES;
				CLANG_WARN_OBJC_IMPLICIT_RETAIN_SELF = YES;
				CLANG_WARN_OBJC_LITERAL_CONVERSION = YES;
				CLANG_WARN_OBJC_ROOT_CLASS = YES_ERROR;
				CLANG_WARN_QUOTED_INCLUDE_IN_FRAMEWORK_HEADER = YES;
				CLANG_WARN_RANGE_LOOP_ANALYSIS = YES;
				CLANG_WARN_STRICT_PROTOTYPES = YES;
				CLANG_WARN_SUSPICIOUS_MOVE = YES;
				CLANG_WARN_UNGUARDED_AVAILABILITY = YES_AGGRESSIVE;
				CLANG_WARN_UNREACHABLE_CODE = YES;
				CLANG_WARN__DUPLICATE_METHOD_MATCH = YES;
				COPY_PHASE_STRIP = NO;
				DEBUG_INFORMATION_FORMAT = dwarf;
				ENABLE_STRICT_OBJC_MSGSEND = YES;
				ENABLE_TESTABILITY = YES;
				GCC_C_LANGUAGE_STANDARD = gnu11;
				GCC_DYNAMIC_NO_PIC = NO;
				GCC_NO_COMMON_BLOCKS = YES;
				GCC_OPTIMIZATION_LEVEL = 0;
				GCC_PREPROCESSOR_DEFINITIONS = (
					"DEBUG=1",
					"$(inherited)",
				);
				GCC_WARN_64_TO_32_BIT_CONVERSION = YES;
				GCC_WARN_ABOUT_RETURN_TYPE = YES_ERROR;
				GCC_WARN_UNDECLARED_SELECTOR = YES;
				GCC_WARN_UNINITIALIZED_AUTOS = YES_AGGRESSIVE;
				GCC_WARN_UNUSED_FUNCTION = YES;
				GCC_WARN_UNUSED_VARIABLE = YES;
				IPHONEOS_DEPLOYMENT_TARGET = 14.5;
				MTL_ENABLE_DEBUG_INFO = INCLUDE_SOURCE;
				MTL_FAST_MATH = YES;
				ONLY_ACTIVE_ARCH = YES;
				SDKROOT = iphoneos;
				SWIFT_ACTIVE_COMPILATION_CONDITIONS = DEBUG;
				SWIFT_OPTIMIZATION_LEVEL = "-Onone";
			};
			name = Debug;
		};
		9883C52227AE7A6400C785F3 /* Release */ = {
			isa = XCBuildConfiguration;
			buildSettings = {
				ALWAYS_SEARCH_USER_PATHS = NO;
				CLANG_ANALYZER_NONNULL = YES;
				CLANG_ANALYZER_NUMBER_OBJECT_CONVERSION = YES_AGGRESSIVE;
				CLANG_CXX_LANGUAGE_STANDARD = "gnu++14";
				CLANG_CXX_LIBRARY = "libc++";
				CLANG_ENABLE_MODULES = YES;
				CLANG_ENABLE_OBJC_ARC = YES;
				CLANG_ENABLE_OBJC_WEAK = YES;
				CLANG_WARN_BLOCK_CAPTURE_AUTORELEASING = YES;
				CLANG_WARN_BOOL_CONVERSION = YES;
				CLANG_WARN_COMMA = YES;
				CLANG_WARN_CONSTANT_CONVERSION = YES;
				CLANG_WARN_DEPRECATED_OBJC_IMPLEMENTATIONS = YES;
				CLANG_WARN_DIRECT_OBJC_ISA_USAGE = YES_ERROR;
				CLANG_WARN_DOCUMENTATION_COMMENTS = YES;
				CLANG_WARN_EMPTY_BODY = YES;
				CLANG_WARN_ENUM_CONVERSION = YES;
				CLANG_WARN_INFINITE_RECURSION = YES;
				CLANG_WARN_INT_CONVERSION = YES;
				CLANG_WARN_NON_LITERAL_NULL_CONVERSION = YES;
				CLANG_WARN_OBJC_IMPLICIT_RETAIN_SELF = YES;
				CLANG_WARN_OBJC_LITERAL_CONVERSION = YES;
				CLANG_WARN_OBJC_ROOT_CLASS = YES_ERROR;
				CLANG_WARN_QUOTED_INCLUDE_IN_FRAMEWORK_HEADER = YES;
				CLANG_WARN_RANGE_LOOP_ANALYSIS = YES;
				CLANG_WARN_STRICT_PROTOTYPES = YES;
				CLANG_WARN_SUSPICIOUS_MOVE = YES;
				CLANG_WARN_UNGUARDED_AVAILABILITY = YES_AGGRESSIVE;
				CLANG_WARN_UNREACHABLE_CODE = YES;
				CLANG_WARN__DUPLICATE_METHOD_MATCH = YES;
				COPY_PHASE_STRIP = NO;
				DEBUG_INFORMATION_FORMAT = "dwarf-with-dsym";
				ENABLE_NS_ASSERTIONS = NO;
				ENABLE_STRICT_OBJC_MSGSEND = YES;
				GCC_C_LANGUAGE_STANDARD = gnu11;
				GCC_NO_COMMON_BLOCKS = YES;
				GCC_WARN_64_TO_32_BIT_CONVERSION = YES;
				GCC_WARN_ABOUT_RETURN_TYPE = YES_ERROR;
				GCC_WARN_UNDECLARED_SELECTOR = YES;
				GCC_WARN_UNINITIALIZED_AUTOS = YES_AGGRESSIVE;
				GCC_WARN_UNUSED_FUNCTION = YES;
				GCC_WARN_UNUSED_VARIABLE = YES;
				IPHONEOS_DEPLOYMENT_TARGET = 14.5;
				MTL_ENABLE_DEBUG_INFO = NO;
				MTL_FAST_MATH = YES;
				SDKROOT = iphoneos;
				SWIFT_COMPILATION_MODE = wholemodule;
				SWIFT_OPTIMIZATION_LEVEL = "-O";
				VALIDATE_PRODUCT = YES;
			};
			name = Release;
		};
		9883C52427AE7A6400C785F3 /* Debug */ = {
			isa = XCBuildConfiguration;
			baseConfigurationReference = 39AE4E05463C7818EC08EE90 /* Pods-sample.debug.xcconfig */;
			buildSettings = {
				ASSETCATALOG_COMPILER_APPICON_NAME = AppIcon;
				ASSETCATALOG_COMPILER_GLOBAL_ACCENT_COLOR_NAME = AccentColor;
				CODE_SIGN_STYLE = Automatic;
				DEVELOPMENT_TEAM = 4D6GYFVZS3;
				INFOPLIST_FILE = sample/Info.plist;
				LD_RUNPATH_SEARCH_PATHS = (
					"$(inherited)",
					"@executable_path/Frameworks",
				);
				PRODUCT_BUNDLE_IDENTIFIER = kanta13jp1.sample;
				PRODUCT_NAME = "$(TARGET_NAME)";
				SWIFT_VERSION = 5.0;
				TARGETED_DEVICE_FAMILY = 1;
			};
			name = Debug;
		};
		9883C52527AE7A6400C785F3 /* Release */ = {
			isa = XCBuildConfiguration;
			baseConfigurationReference = E9BA97AD2C87425FC30A7AF9 /* Pods-sample.release.xcconfig */;
			buildSettings = {
				ASSETCATALOG_COMPILER_APPICON_NAME = AppIcon;
				ASSETCATALOG_COMPILER_GLOBAL_ACCENT_COLOR_NAME = AccentColor;
				CODE_SIGN_STYLE = Automatic;
				DEVELOPMENT_TEAM = 4D6GYFVZS3;
				INFOPLIST_FILE = sample/Info.plist;
				LD_RUNPATH_SEARCH_PATHS = (
					"$(inherited)",
					"@executable_path/Frameworks",
				);
				PRODUCT_BUNDLE_IDENTIFIER = kanta13jp1.sample;
				PRODUCT_NAME = "$(TARGET_NAME)";
				SWIFT_VERSION = 5.0;
				TARGETED_DEVICE_FAMILY = 1;
			};
			name = Release;
		};
/* End XCBuildConfiguration section */

/* Begin XCConfigurationList section */
		9883C50A27AE7A5E00C785F3 /* Build configuration list for PBXProject "sample" */ = {
			isa = XCConfigurationList;
			buildConfigurations = (
				9883C52127AE7A6400C785F3 /* Debug */,
				9883C52227AE7A6400C785F3 /* Release */,
			);
			defaultConfigurationIsVisible = 0;
			defaultConfigurationName = Release;
		};
		9883C52327AE7A6400C785F3 /* Build configuration list for PBXNativeTarget "sample" */ = {
			isa = XCConfigurationList;
			buildConfigurations = (
				9883C52427AE7A6400C785F3 /* Debug */,
				9883C52527AE7A6400C785F3 /* Release */,
			);
			defaultConfigurationIsVisible = 0;
			defaultConfigurationName = Release;
		};
/* End XCConfigurationList section */
	};
	rootObject = 9883C50727AE7A5E00C785F3 /* Project object */;
}
